
Microsoft Visual Studio Solution File, Format Version 12.00
# Visual Studio Version 16
VisualStudioVersion = 16.0.31702.278
MinimumVisualStudioVersion = 10.0.40219.1
Project("{8BC9CEB8-8B4A-11D0-8D11-00A0C91BC942}") = "beakjoon", "beakjoon\beakjoon.vcxproj", "{F188835A-7509-4481-8FFC-68B77804A5E4}"
EndProject
Global
	GlobalSection(SolutionConfigurationPlatforms) = preSolution
		Debug|x64 = Debug|x64
		Debug|x86 = Debug|x86
		Release|x64 = Release|x64
		Release|x86 = Release|x86
	EndGlobalSection
	GlobalSection(ProjectConfigurationPlatforms) = postSolution
		{F188835A-7509-4481-8FFC-68B77804A5E4}.Debug|x64.ActiveCfg = Debug|x64
		{F188835A-7509-4481-8FFC-68B77804A5E4}.Debug|x64.Build.0 = Debug|x64
		{F188835A-7509-4481-8FFC-68B77804A5E4}.Debug|x86.ActiveCfg = Debug|Win32
		{F188835A-7509-4481-8FFC-68B77804A5E4}.Debug|x86.Build.0 = Debug|Win32
		{F188835A-7509-4481-8FFC-68B77804A5E4}.Release|x64.ActiveCfg = Release|x64
		{F188835A-7509-4481-8FFC-68B77804A5E4}.Release|x64.Build.0 = Release|x64
		{F188835A-7509-4481-8FFC-68B77804A5E4}.Release|x86.ActiveCfg = Release|Win32
		{F188835A-7509-4481-8FFC-68B77804A5E4}.Release|x86.Build.0 = Release|Win32
	EndGlobalSection
	GlobalSection(SolutionProperties) = preSolution
		HideSolutionNode = FALSE
	EndGlobalSection
	GlobalSection(ExtensibilityGlobals) = postSolution
		SolutionGuid = {C043D747-517D-4DE4-811A-66444A91721B}
	EndGlobalSection
EndGlobal
